
Microsoft Visual Studio Solution File, Format Version 12.00
# Visual Studio 15
VisualStudioVersion = 15.0.27004.2009
MinimumVisualStudioVersion = 10.0.40219.1
Project("{FAE04EC0-301F-11D3-BF4B-00C04F79EFBC}") = "NAntRunner", "NAntRunner\NAntRunner.csproj", "{986B8DE1-B8C0-45EB-BFD8-000ED55F27F8}"
EndProject
Global
	GlobalSection(SolutionConfigurationPlatforms) = preSolution
		Debug|Any CPU = Debug|Any CPU
		Release|Any CPU = Release|Any CPU
	EndGlobalSection
	GlobalSection(ProjectConfigurationPlatforms) = postSolution
		{986B8DE1-B8C0-45EB-BFD8-000ED55F27F8}.Debug|Any CPU.ActiveCfg = Debug|Any CPU
		{986B8DE1-B8C0-45EB-BFD8-000ED55F27F8}.Debug|Any CPU.Build.0 = Debug|Any CPU
		{986B8DE1-B8C0-45EB-BFD8-000ED55F27F8}.Release|Any CPU.ActiveCfg = Release|Any CPU
		{986B8DE1-B8C0-45EB-BFD8-000ED55F27F8}.Release|Any CPU.Build.0 = Release|Any CPU
	EndGlobalSection
	GlobalSection(SolutionProperties) = preSolution
		HideSolutionNode = FALSE
	EndGlobalSection
	GlobalSection(ExtensibilityGlobals) = postSolution
		SolutionGuid = {4B94D13A-265F-427E-ADF3-AEC8D34130E6}
	EndGlobalSection
EndGlobal
